
Microsoft Visual Studio Solution File, Format Version 12.00
# Visual Studio Version 17
VisualStudioVersion = 17.8.34316.72
MinimumVisualStudioVersion = 10.0.40219.1
Project("{9A19103F-16F7-4668-BE54-9A1E7A4F7556}") = "P12MAUI.Client", "P12MAUI.Client.csproj", "{F5124E11-1AE9-49AA-AD38-7CFA4ABF796F}"
EndProject
Global
	GlobalSection(SolutionConfigurationPlatforms) = preSolution
		Debug|Any CPU = Debug|Any CPU
		Release|Any CPU = Release|Any CPU
	EndGlobalSection
	GlobalSection(ProjectConfigurationPlatforms) = postSolution
		{F5124E11-1AE9-49AA-AD38-7CFA4ABF796F}.Debug|Any CPU.ActiveCfg = Debug|Any CPU
		{F5124E11-1AE9-49AA-AD38-7CFA4ABF796F}.Debug|Any CPU.Build.0 = Debug|Any CPU
		{F5124E11-1AE9-49AA-AD38-7CFA4ABF796F}.Debug|Any CPU.Deploy.0 = Debug|Any CPU
		{F5124E11-1AE9-49AA-AD38-7CFA4ABF796F}.Release|Any CPU.ActiveCfg = Release|Any CPU
		{F5124E11-1AE9-49AA-AD38-7CFA4ABF796F}.Release|Any CPU.Build.0 = Release|Any CPU
		{F5124E11-1AE9-49AA-AD38-7CFA4ABF796F}.Release|Any CPU.Deploy.0 = Release|Any CPU
	EndGlobalSection
	GlobalSection(SolutionProperties) = preSolution
		HideSolutionNode = FALSE
	EndGlobalSection
	GlobalSection(ExtensibilityGlobals) = postSolution
		SolutionGuid = {52E1831E-4A4E-4C16-8CDB-15CAFB114F45}
	EndGlobalSection
EndGlobal
